// !$*UTF8*$!
{
	archiveVersion = 1;
	classes = {
	};
	objectVersion = 46;
	objects = {

/* Begin PBXBuildFile section */
		AF137B331D11CEDF0079DBA4 /* image1.jpg in Resources */ = {isa = PBXBuildFile; fileRef = AF137B321D11CEDF0079DBA4 /* image1.jpg */; };
		AF137B351D11CF9E0079DBA4 /* image2.jpg in Resources */ = {isa = PBXBuildFile; fileRef = AF137B341D11CF9E0079DBA4 /* image2.jpg */; };
		AF137B371D11CFDD0079DBA4 /* image3.jpg in Resources */ = {isa = PBXBuildFile; fileRef = AF137B361D11CFDD0079DBA4 /* image3.jpg */; };
		AF137B3A1D11D0980079DBA4 /* MenuViewController.swift in Sources */ = {isa = PBXBuildFile; fileRef = AF137B381D11D0980079DBA4 /* MenuViewController.swift */; };
		AF137B3B1D11D0980079DBA4 /* MenuViewController.xib in Resources */ = {isa = PBXBuildFile; fileRef = AF137B391D11D0980079DBA4 /* MenuViewController.xib */; };
		AFD4D1E71D0F68BA00EBC7A6 /* AppDelegate.swift in Sources */ = {isa = PBXBuildFile; fileRef = AFD4D1E61D0F68BA00EBC7A6 /* AppDelegate.swift */; };
		AFD4D1EE1D0F68BB00EBC7A6 /* Assets.xcassets in Resources */ = {isa = PBXBuildFile; fileRef = AFD4D1ED1D0F68BB00EBC7A6 /* Assets.xcassets */; };
		AFD4D1F11D0F68BB00EBC7A6 /* LaunchScreen.storyboard in Resources */ = {isa = PBXBuildFile; fileRef = AFD4D1EF1D0F68BB00EBC7A6 /* LaunchScreen.storyboard */; };
		AFD4D1FC1D0F68BB00EBC7A6 /* TilePuzzleProjectTests.swift in Sources */ = {isa = PBXBuildFile; fileRef = AFD4D1FB1D0F68BB00EBC7A6 /* TilePuzzleProjectTests.swift */; };
		AFD4D2071D0F68BB00EBC7A6 /* TilePuzzleProjectUITests.swift in Sources */ = {isa = PBXBuildFile; fileRef = AFD4D2061D0F68BB00EBC7A6 /* TilePuzzleProjectUITests.swift */; };
		AFD4D2161D0F68EC00EBC7A6 /* MainViewController.swift in Sources */ = {isa = PBXBuildFile; fileRef = AFD4D2141D0F68EC00EBC7A6 /* MainViewController.swift */; };
		AFD4D2171D0F68EC00EBC7A6 /* MainViewController.xib in Resources */ = {isa = PBXBuildFile; fileRef = AFD4D2151D0F68EC00EBC7A6 /* MainViewController.xib */; };
		AFD68A631D11D65C009F5527 /* Tile.swift in Sources */ = {isa = PBXBuildFile; fileRef = AFD68A621D11D65C009F5527 /* Tile.swift */; };
/* End PBXBuildFile section */

/* Begin PBXContainerItemProxy section */
		AFD4D1F81D0F68BB00EBC7A6 /* PBXContainerItemProxy */ = {
			isa = PBXContainerItemProxy;
			containerPortal = AFD4D1DB1D0F68BA00EBC7A6 /* Project object */;
			proxyType = 1;
			remoteGlobalIDString = AFD4D1E21D0F68BA00EBC7A6;
			remoteInfo = TilePuzzleProject;
		};
		AFD4D2031D0F68BB00EBC7A6 /* PBXContainerItemProxy */ = {
			isa = PBXContainerItemProxy;
			containerPortal = AFD4D1DB1D0F68BA00EBC7A6 /* Project object */;
			proxyType = 1;
			remoteGlobalIDString = AFD4D1E21D0F68BA00EBC7A6;
			remoteInfo = TilePuzzleProject;
		};
/* End PBXContainerItemProxy section */

/* Begin PBXFileReference section */
		AF137B321D11CEDF0079DBA4 /* image1.jpg */ = {isa = PBXFileReference; lastKnownFileType = image.jpeg; path = image1.jpg; sourceTree = "<group>"; };
		AF137B341D11CF9E0079DBA4 /* image2.jpg */ = {isa = PBXFileReference; lastKnownFileType = image.jpeg; path = image2.jpg; sourceTree = "<group>"; };
		AF137B361D11CFDD0079DBA4 /* image3.jpg */ = {isa = PBXFileReference; lastKnownFileType = image.jpeg; path = image3.jpg; sourceTree = "<group>"; };
		AF137B381D11D0980079DBA4 /* MenuViewController.swift */ = {isa = PBXFileReference; fileEncoding = 4; lastKnownFileType = sourcecode.swift; path = MenuViewController.swift; sourceTree = "<group>"; };
		AF137B391D11D0980079DBA4 /* MenuViewController.xib */ = {isa = PBXFileReference; fileEncoding = 4; lastKnownFileType = file.xib; path = MenuViewController.xib; sourceTree = "<group>"; };
		AFD4D1E31D0F68BA00EBC7A6 /* TilePuzzleProject.app */ = {isa = PBXFileReference; explicitFileType = wrapper.application; includeInIndex = 0; path = TilePuzzleProject.app; sourceTree = BUILT_PRODUCTS_DIR; };
		AFD4D1E61D0F68BA00EBC7A6 /* AppDelegate.swift */ = {isa = PBXFileReference; lastKnownFileType = sourcecode.swift; path = AppDelegate.swift; sourceTree = "<group>"; };
		AFD4D1ED1D0F68BB00EBC7A6 /* Assets.xcassets */ = {isa = PBXFileReference; lastKnownFileType = folder.assetcatalog; path = Assets.xcassets; sourceTree = "<group>"; };
		AFD4D1F01D0F68BB00EBC7A6 /* Base */ = {isa = PBXFileReference; lastKnownFileType = file.storyboard; name = Base; path = Base.lproj/LaunchScreen.storyboard; sourceTree = "<group>"; };
		AFD4D1F21D0F68BB00EBC7A6 /* Info.plist */ = {isa = PBXFileReference; lastKnownFileType = text.plist.xml; path = Info.plist; sourceTree = "<group>"; };
		AFD4D1F71D0F68BB00EBC7A6 /* TilePuzzleProjectTests.xctest */ = {isa = PBXFileReference; explicitFileType = wrapper.cfbundle; includeInIndex = 0; path = TilePuzzleProjectTests.xctest; sourceTree = BUILT_PRODUCTS_DIR; };
		AFD4D1FB1D0F68BB00EBC7A6 /* TilePuzzleProjectTests.swift */ = {isa = PBXFileReference; lastKnownFileType = sourcecode.swift; path = TilePuzzleProjectTests.swift; sourceTree = "<group>"; };
		AFD4D1FD1D0F68BB00EBC7A6 /* Info.plist */ = {isa = PBXFileReference; lastKnownFileType = text.plist.xml; path = Info.plist; sourceTree = "<group>"; };
		AFD4D2021D0F68BB00EBC7A6 /* TilePuzzleProjectUITests.xctest */ = {isa = PBXFileReference; explicitFileType = wrapper.cfbundle; includeInIndex = 0; path = TilePuzzleProjectUITests.xctest; sourceTree = BUILT_PRODUCTS_DIR; };
		AFD4D2061D0F68BB00EBC7A6 /* TilePuzzleProjectUITests.swift */ = {isa = PBXFileReference; lastKnownFileType = sourcecode.swift; path = TilePuzzleProjectUITests.swift; sourceTree = "<group>"; };
		AFD4D2081D0F68BB00EBC7A6 /* Info.plist */ = {isa = PBXFileReference; lastKnownFileType = text.plist.xml; path = Info.plist; sourceTree = "<group>"; };
		AFD4D2141D0F68EC00EBC7A6 /* MainViewController.swift */ = {isa = PBXFileReference; fileEncoding = 4; lastKnownFileType = sourcecode.swift; path = MainViewController.swift; sourceTree = "<group>"; };
		AFD4D2151D0F68EC00EBC7A6 /* MainViewController.xib */ = {isa = PBXFileReference; fileEncoding = 4; lastKnownFileType = file.xib; path = MainViewController.xib; sourceTree = "<group>"; };
		AFD68A621D11D65C009F5527 /* Tile.swift */ = {isa = PBXFileReference; fileEncoding = 4; lastKnownFileType = sourcecode.swift; path = Tile.swift; sourceTree = "<group>"; };
/* End PBXFileReference section */

/* Begin PBXFrameworksBuildPhase section */
		AFD4D1E01D0F68BA00EBC7A6 /* Frameworks */ = {
			isa = PBXFrameworksBuildPhase;
			buildActionMask = 2147483647;
			files = (
			);
			runOnlyForDeploymentPostprocessing = 0;
		};
		AFD4D1F41D0F68BB00EBC7A6 /* Frameworks */ = {
			isa = PBXFrameworksBuildPhase;
			buildActionMask = 2147483647;
			files = (
			);
			runOnlyForDeploymentPostprocessing = 0;
		};
		AFD4D1FF1D0F68BB00EBC7A6 /* Frameworks */ = {
			isa = PBXFrameworksBuildPhase;
			buildActionMask = 2147483647;
			files = (
			);
			runOnlyForDeploymentPostprocessing = 0;
		};
/* End PBXFrameworksBuildPhase section */

/* Begin PBXGroup section */
		AFB592481D10A54C007AB1A9 /* Images */ = {
			isa = PBXGroup;
			children = (
				AF137B321D11CEDF0079DBA4 /* image1.jpg */,
				AF137B341D11CF9E0079DBA4 /* image2.jpg */,
				AF137B361D11CFDD0079DBA4 /* image3.jpg */,
			);
			name = Images;
			sourceTree = "<group>";
		};
		AFD4D1DA1D0F68BA00EBC7A6 = {
			isa = PBXGroup;
			children = (
				AFD4D1E51D0F68BA00EBC7A6 /* TilePuzzleProject */,
				AFD4D1FA1D0F68BB00EBC7A6 /* TilePuzzleProjectTests */,
				AFD4D2051D0F68BB00EBC7A6 /* TilePuzzleProjectUITests */,
				AFD4D1E41D0F68BA00EBC7A6 /* Products */,
			);
			sourceTree = "<group>";
		};
		AFD4D1E41D0F68BA00EBC7A6 /* Products */ = {
			isa = PBXGroup;
			children = (
				AFD4D1E31D0F68BA00EBC7A6 /* TilePuzzleProject.app */,
				AFD4D1F71D0F68BB00EBC7A6 /* TilePuzzleProjectTests.xctest */,
				AFD4D2021D0F68BB00EBC7A6 /* TilePuzzleProjectUITests.xctest */,
			);
			name = Products;
			sourceTree = "<group>";
		};
		AFD4D1E51D0F68BA00EBC7A6 /* TilePuzzleProject */ = {
			isa = PBXGroup;
			children = (
				AFB592481D10A54C007AB1A9 /* Images */,
				AFD4D1E61D0F68BA00EBC7A6 /* AppDelegate.swift */,
				AFD4D1ED1D0F68BB00EBC7A6 /* Assets.xcassets */,
				AFD4D1F21D0F68BB00EBC7A6 /* Info.plist */,
				AFD4D2141D0F68EC00EBC7A6 /* MainViewController.swift */,
				AFD4D2151D0F68EC00EBC7A6 /* MainViewController.xib */,
				AFD4D1EF1D0F68BB00EBC7A6 /* LaunchScreen.storyboard */,
				AF137B381D11D0980079DBA4 /* MenuViewController.swift */,
				AF137B391D11D0980079DBA4 /* MenuViewController.xib */,
				AFD68A621D11D65C009F5527 /* Tile.swift */,
			);
			path = TilePuzzleProject;
			sourceTree = "<group>";
		};
		AFD4D1FA1D0F68BB00EBC7A6 /* TilePuzzleProjectTests */ = {
			isa = PBXGroup;
			children = (
				AFD4D1FB1D0F68BB00EBC7A6 /* TilePuzzleProjectTests.swift */,
				AFD4D1FD1D0F68BB00EBC7A6 /* Info.plist */,
			);
			path = TilePuzzleProjectTests;
			sourceTree = "<group>";
		};
		AFD4D2051D0F68BB00EBC7A6 /* TilePuzzleProjectUITests */ = {
			isa = PBXGroup;
			children = (
				AFD4D2061D0F68BB00EBC7A6 /* TilePuzzleProjectUITests.swift */,
				AFD4D2081D0F68BB00EBC7A6 /* Info.plist */,
			);
			path = TilePuzzleProjectUITests;
			sourceTree = "<group>";
		};
/* End PBXGroup section */

/* Begin PBXNativeTarget section */
		AFD4D1E21D0F68BA00EBC7A6 /* TilePuzzleProject */ = {
			isa = PBXNativeTarget;
			buildConfigurationList = AFD4D20B1D0F68BB00EBC7A6 /* Build configuration list for PBXNativeTarget "TilePuzzleProject" */;
			buildPhases = (
				AFD4D1DF1D0F68BA00EBC7A6 /* Sources */,
				AFD4D1E01D0F68BA00EBC7A6 /* Frameworks */,
				AFD4D1E11D0F68BA00EBC7A6 /* Resources */,
			);
			buildRules = (
			);
			dependencies = (
			);
			name = TilePuzzleProject;
			productName = TilePuzzleProject;
			productReference = AFD4D1E31D0F68BA00EBC7A6 /* TilePuzzleProject.app */;
			productType = "com.apple.product-type.application";
		};
		AFD4D1F61D0F68BB00EBC7A6 /* TilePuzzleProjectTests */ = {
			isa = PBXNativeTarget;
			buildConfigurationList = AFD4D20E1D0F68BB00EBC7A6 /* Build configuration list for PBXNativeTarget "TilePuzzleProjectTests" */;
			buildPhases = (
				AFD4D1F31D0F68BB00EBC7A6 /* Sources */,
				AFD4D1F41D0F68BB00EBC7A6 /* Frameworks */,
				AFD4D1F51D0F68BB00EBC7A6 /* Resources */,
			);
			buildRules = (
			);
			dependencies = (
				AFD4D1F91D0F68BB00EBC7A6 /* PBXTargetDependency */,
			);
			name = TilePuzzleProjectTests;
			productName = TilePuzzleProjectTests;
			productReference = AFD4D1F71D0F68BB00EBC7A6 /* TilePuzzleProjectTests.xctest */;
			productType = "com.apple.product-type.bundle.unit-test";
		};
		AFD4D2011D0F68BB00EBC7A6 /* TilePuzzleProjectUITests */ = {
			isa = PBXNativeTarget;
			buildConfigurationList = AFD4D2111D0F68BB00EBC7A6 /* Build configuration list for PBXNativeTarget "TilePuzzleProjectUITests" */;
			buildPhases = (
				AFD4D1FE1D0F68BB00EBC7A6 /* Sources */,
				AFD4D1FF1D0F68BB00EBC7A6 /* Frameworks */,
				AFD4D2001D0F68BB00EBC7A6 /* Resources */,
			);
			buildRules = (
			);
			dependencies = (
				AFD4D2041D0F68BB00EBC7A6 /* PBXTargetDependency */,
			);
			name = TilePuzzleProjectUITests;
			productName = TilePuzzleProjectUITests;
			productReference = AFD4D2021D0F68BB00EBC7A6 /* TilePuzzleProjectUITests.xctest */;
			productType = "com.apple.product-type.bundle.ui-testing";
		};
/* End PBXNativeTarget section */

/* Begin PBXProject section */
		AFD4D1DB1D0F68BA00EBC7A6 /* Project object */ = {
			isa = PBXProject;
			attributes = {
				LastSwiftUpdateCheck = 0730;
				LastUpgradeCheck = 0730;
				ORGANIZATIONNAME = "Kiley Caravella";
				TargetAttributes = {
					AFD4D1E21D0F68BA00EBC7A6 = {
						CreatedOnToolsVersion = 7.3.1;
						DevelopmentTeam = THP5EV5EJ9;
					};
					AFD4D1F61D0F68BB00EBC7A6 = {
						CreatedOnToolsVersion = 7.3.1;
						TestTargetID = AFD4D1E21D0F68BA00EBC7A6;
					};
					AFD4D2011D0F68BB00EBC7A6 = {
						CreatedOnToolsVersion = 7.3.1;
						TestTargetID = AFD4D1E21D0F68BA00EBC7A6;
					};
				};
			};
			buildConfigurationList = AFD4D1DE1D0F68BA00EBC7A6 /* Build configuration list for PBXProject "TilePuzzleProject" */;
			compatibilityVersion = "Xcode 3.2";
			developmentRegion = English;
			hasScannedForEncodings = 0;
			knownRegions = (
				en,
				Base,
			);
			mainGroup = AFD4D1DA1D0F68BA00EBC7A6;
			productRefGroup = AFD4D1E41D0F68BA00EBC7A6 /* Products */;
			projectDirPath = "";
			projectRoot = "";
			targets = (
				AFD4D1E21D0F68BA00EBC7A6 /* TilePuzzleProject */,
				AFD4D1F61D0F68BB00EBC7A6 /* TilePuzzleProjectTests */,
				AFD4D2011D0F68BB00EBC7A6 /* TilePuzzleProjectUITests */,
			);
		};
/* End PBXProject section */

/* Begin PBXResourcesBuildPhase section */
		AFD4D1E11D0F68BA00EBC7A6 /* Resources */ = {
			isa = PBXResourcesBuildPhase;
			buildActionMask = 2147483647;
			files = (
				AFD4D1F11D0F68BB00EBC7A6 /* LaunchScreen.storyboard in Resources */,
				AF137B351D11CF9E0079DBA4 /* image2.jpg in Resources */,
				AF137B331D11CEDF0079DBA4 /* image1.jpg in Resources */,
				AF137B371D11CFDD0079DBA4 /* image3.jpg in Resources */,
				AFD4D1EE1D0F68BB00EBC7A6 /* Assets.xcassets in Resources */,
				AF137B3B1D11D0980079DBA4 /* MenuViewController.xib in Resources */,
				AFD4D2171D0F68EC00EBC7A6 /* MainViewController.xib in Resources */,
			);
			runOnlyForDeploymentPostprocessing = 0;
		};
		AFD4D1F51D0F68BB00EBC7A6 /* Resources */ = {
			isa = PBXResourcesBuildPhase;
			buildActionMask = 2147483647;
			files = (
			);
			runOnlyForDeploymentPostprocessing = 0;
		};
		AFD4D2001D0F68BB00EBC7A6 /* Resources */ = {
			isa = PBXResourcesBuildPhase;
			buildActionMask = 2147483647;
			files = (
			);
			runOnlyForDeploymentPostprocessing = 0;
		};
/* End PBXResourcesBuildPhase section */

/* Begin PBXSourcesBuildPhase section */
		AFD4D1DF1D0F68BA00EBC7A6 /* Sources */ = {
			isa = PBXSourcesBuildPhase;
			buildActionMask = 2147483647;
			files = (
				AFD4D2161D0F68EC00EBC7A6 /* MainViewController.swift in Sources */,
				AF137B3A1D11D0980079DBA4 /* MenuViewController.swift in Sources */,
				AFD4D1E71D0F68BA00EBC7A6 /* AppDelegate.swift in Sources */,
				AFD68A631D11D65C009F5527 /* Tile.swift in Sources */,
			);
			runOnlyForDeploymentPostprocessing = 0;
		};
		AFD4D1F31D0F68BB00EBC7A6 /* Sources */ = {
			isa = PBXSourcesBuildPhase;
			buildActionMask = 2147483647;
			files = (
				AFD4D1FC1D0F68BB00EBC7A6 /* TilePuzzleProjectTests.swift in Sources */,
			);
			runOnlyForDeploymentPostprocessing = 0;
		};
		AFD4D1FE1D0F68BB00EBC7A6 /* Sources */ = {
			isa = PBXSourcesBuildPhase;
			buildActionMask = 2147483647;
			files = (
				AFD4D2071D0F68BB00EBC7A6 /* TilePuzzleProjectUITests.swift in Sources */,
			);
			runOnlyForDeploymentPostprocessing = 0;
		};
/* End PBXSourcesBuildPhase section */

/* Begin PBXTargetDependency section */
		AFD4D1F91D0F68BB00EBC7A6 /* PBXTargetDependency */ = {
			isa = PBXTargetDependency;
			target = AFD4D1E21D0F68BA00EBC7A6 /* TilePuzzleProject */;
			targetProxy = AFD4D1F81D0F68BB00EBC7A6 /* PBXContainerItemProxy */;
		};
		AFD4D2041D0F68BB00EBC7A6 /* PBXTargetDependency */ = {
			isa = PBXTargetDependency;
			target = AFD4D1E21D0F68BA00EBC7A6 /* TilePuzzleProject */;
			targetProxy = AFD4D2031D0F68BB00EBC7A6 /* PBXContainerItemProxy */;
		};
/* End PBXTargetDependency section */

/* Begin PBXVariantGroup section */
		AFD4D1EF1D0F68BB00EBC7A6 /* LaunchScreen.storyboard */ = {
			isa = PBXVariantGroup;
			children = (
				AFD4D1F01D0F68BB00EBC7A6 /* Base */,
			);
			name = LaunchScreen.storyboard;
			sourceTree = "<group>";
		};
/* End PBXVariantGroup section */

/* Begin XCBuildConfiguration section */
		AFD4D2091D0F68BB00EBC7A6 /* Debug */ = {
			isa = XCBuildConfiguration;
			buildSettings = {
				ALWAYS_SEARCH_USER_PATHS = NO;
				CLANG_ANALYZER_NONNULL = YES;
				CLANG_CXX_LANGUAGE_STANDARD = "gnu++0x";
				CLANG_CXX_LIBRARY = "libc++";
				CLANG_ENABLE_MODULES = YES;
				CLANG_ENABLE_OBJC_ARC = YES;
				CLANG_WARN_BOOL_CONVERSION = YES;
				CLANG_WARN_CONSTANT_CONVERSION = YES;
				CLANG_WARN_DIRECT_OBJC_ISA_USAGE = YES_ERROR;
				CLANG_WARN_EMPTY_BODY = YES;
				CLANG_WARN_ENUM_CONVERSION = YES;
				CLANG_WARN_INT_CONVERSION = YES;
				CLANG_WARN_OBJC_ROOT_CLASS = YES_ERROR;
				CLANG_WARN_UNREACHABLE_CODE = YES;
				CLANG_WARN__DUPLICATE_METHOD_MATCH = YES;
				"CODE_SIGN_IDENTITY[sdk=iphoneos*]" = "iPhone Developer";
				COPY_PHASE_STRIP = NO;
				DEBUG_INFORMATION_FORMAT = dwarf;
				ENABLE_STRICT_OBJC_MSGSEND = YES;
				ENABLE_TESTABILITY = YES;
				GCC_C_LANGUAGE_STANDARD = gnu99;
				GCC_DYNAMIC_NO_PIC = NO;
				GCC_NO_COMMON_BLOCKS = YES;
				GCC_OPTIMIZATION_LEVEL = 0;
				GCC_PREPROCESSOR_DEFINITIONS = (
					"DEBUG=1",
					"$(inherited)",
				);
				GCC_WARN_64_TO_32_BIT_CONVERSION = YES;
				GCC_WARN_ABOUT_RETURN_TYPE = YES_ERROR;
				GCC_WARN_UNDECLARED_SELECTOR = YES;
				GCC_WARN_UNINITIALIZED_AUTOS = YES_AGGRESSIVE;
				GCC_WARN_UNUSED_FUNCTION = YES;
				GCC_WARN_UNUSED_VARIABLE = YES;
				IPHONEOS_DEPLOYMENT_TARGET = 9.3;
				MTL_ENABLE_DEBUG_INFO = YES;
				ONLY_ACTIVE_ARCH = YES;
				SDKROOT = iphoneos;
				SWIFT_OPTIMIZATION_LEVEL = "-Onone";
				TARGETED_DEVICE_FAMILY = "1,2";
			};
			name = Debug;
		};
		AFD4D20A1D0F68BB00EBC7A6 /* Release */ = {
			isa = XCBuildConfiguration;
			buildSettings = {
				ALWAYS_SEARCH_USER_PATHS = NO;
				CLANG_ANALYZER_NONNULL = YES;
				CLANG_CXX_LANGUAGE_STANDARD = "gnu++0x";
				CLANG_CXX_LIBRARY = "libc++";
				CLANG_ENABLE_MODULES = YES;
				CLANG_ENABLE_OBJC_ARC = YES;
				CLANG_WARN_BOOL_CONVERSION = YES;
				CLANG_WARN_CONSTANT_CONVERSION = YES;
				CLANG_WARN_DIRECT_OBJC_ISA_USAGE = YES_ERROR;
				CLANG_WARN_EMPTY_BODY = YES;
				CLANG_WARN_ENUM_CONVERSION = YES;
				CLANG_WARN_INT_CONVERSION = YES;
				CLANG_WARN_OBJC_ROOT_CLASS = YES_ERROR;
				CLANG_WARN_UNREACHABLE_CODE = YES;
				CLANG_WARN__DUPLICATE_METHOD_MATCH = YES;
				"CODE_SIGN_IDENTITY[sdk=iphoneos*]" = "iPhone Developer";
				COPY_PHASE_STRIP = NO;
				DEBUG_INFORMATION_FORMAT = "dwarf-with-dsym";
				ENABLE_NS_ASSERTIONS = NO;
				ENABLE_STRICT_OBJC_MSGSEND = YES;
				GCC_C_LANGUAGE_STANDARD = gnu99;
				GCC_NO_COMMON_BLOCKS = YES;
				GCC_WARN_64_TO_32_BIT_CONVERSION = YES;
				GCC_WARN_ABOUT_RETURN_TYPE = YES_ERROR;
				GCC_WARN_UNDECLARED_SELECTOR = YES;
				GCC_WARN_UNINITIALIZED_AUTOS = YES_AGGRESSIVE;
				GCC_WARN_UNUSED_FUNCTION = YES;
				GCC_WARN_UNUSED_VARIABLE = YES;
				IPHONEOS_DEPLOYMENT_TARGET = 9.3;
				MTL_ENABLE_DEBUG_INFO = NO;
				SDKROOT = iphoneos;
				TARGETED_DEVICE_FAMILY = "1,2";
				VALIDATE_PRODUCT = YES;
			};
			name = Release;
		};
		AFD4D20C1D0F68BB00EBC7A6 /* Debug */ = {
			isa = XCBuildConfiguration;
			buildSettings = {
				ASSETCATALOG_COMPILER_APPICON_NAME = AppIcon;
				CODE_SIGN_IDENTITY = "iPhone Developer";
				"CODE_SIGN_IDENTITY[sdk=iphoneos*]" = "iPhone Developer";
				INFOPLIST_FILE = TilePuzzleProject/Info.plist;
				IPHONEOS_DEPLOYMENT_TARGET = 9.1;
				LD_RUNPATH_SEARCH_PATHS = "$(inherited) @executable_path/Frameworks";
				PRODUCT_BUNDLE_IDENTIFIER = IntrepidPursuits.TilePuzzleProject;
				PRODUCT_NAME = "$(TARGET_NAME)";
				PROVISIONING_PROFILE = "";
			};
			name = Debug;
		};
		AFD4D20D1D0F68BB00EBC7A6 /* Release */ = {
			isa = XCBuildConfiguration;
			buildSettings = {
				ASSETCATALOG_COMPILER_APPICON_NAME = AppIcon;
				CODE_SIGN_IDENTITY = "iPhone Developer";
				"CODE_SIGN_IDENTITY[sdk=iphoneos*]" = "iPhone Developer";
				INFOPLIST_FILE = TilePuzzleProject/Info.plist;
				IPHONEOS_DEPLOYMENT_TARGET = 9.1;
				LD_RUNPATH_SEARCH_PATHS = "$(inherited) @executable_path/Frameworks";
				PRODUCT_BUNDLE_IDENTIFIER = IntrepidPursuits.TilePuzzleProject;
				PRODUCT_NAME = "$(TARGET_NAME)";
				PROVISIONING_PROFILE = "";
			};
			name = Release;
		};
		AFD4D20F1D0F68BB00EBC7A6 /* Debug */ = {
			isa = XCBuildConfiguration;
			buildSettings = {
				BUNDLE_LOADER = "$(TEST_HOST)";
				INFOPLIST_FILE = TilePuzzleProjectTests/Info.plist;
				LD_RUNPATH_SEARCH_PATHS = "$(inherited) @executable_path/Frameworks @loader_path/Frameworks";
				PRODUCT_BUNDLE_IDENTIFIER = IntrepidPursuits.TilePuzzleProjectTests;
				PRODUCT_NAME = "$(TARGET_NAME)";
				TEST_HOST = "$(BUILT_PRODUCTS_DIR)/TilePuzzleProject.app/TilePuzzleProject";
			};
			name = Debug;
		};
		AFD4D2101D0F68BB00EBC7A6 /* Release */ = {
			isa = XCBuildConfiguration;
			buildSettings = {
				BUNDLE_LOADER = "$(TEST_HOST)";
				INFOPLIST_FILE = TilePuzzleProjectTests/Info.plist;
				LD_RUNPATH_SEARCH_PATHS = "$(inherited) @executable_path/Frameworks @loader_path/Frameworks";
				PRODUCT_BUNDLE_IDENTIFIER = IntrepidPursuits.TilePuzzleProjectTests;
				PRODUCT_NAME = "$(TARGET_NAME)";
				TEST_HOST = "$(BUILT_PRODUCTS_DIR)/TilePuzzleProject.app/TilePuzzleProject";
			};
			name = Release;
		};
		AFD4D2121D0F68BB00EBC7A6 /* Debug */ = {
			isa = XCBuildConfiguration;
			buildSettings = {
				INFOPLIST_FILE = TilePuzzleProjectUITests/Info.plist;
				LD_RUNPATH_SEARCH_PATHS = "$(inherited) @executable_path/Frameworks @loader_path/Frameworks";
				PRODUCT_BUNDLE_IDENTIFIER = IntrepidPursuits.TilePuzzleProjectUITests;
				PRODUCT_NAME = "$(TARGET_NAME)";
				TEST_TARGET_NAME = TilePuzzleProject;
			};
			name = Debug;
		};
		AFD4D2131D0F68BB00EBC7A6 /* Release */ = {
			isa = XCBuildConfiguration;
			buildSettings = {
				INFOPLIST_FILE = TilePuzzleProjectUITests/Info.plist;
				LD_RUNPATH_SEARCH_PATHS = "$(inherited) @executable_path/Frameworks @loader_path/Frameworks";
				PRODUCT_BUNDLE_IDENTIFIER = IntrepidPursuits.TilePuzzleProjectUITests;
				PRODUCT_NAME = "$(TARGET_NAME)";
				TEST_TARGET_NAME = TilePuzzleProject;
			};
			name = Release;
		};
/* End XCBuildConfiguration section */

/* Begin XCConfigurationList section */
		AFD4D1DE1D0F68BA00EBC7A6 /* Build configuration list for PBXProject "TilePuzzleProject" */ = {
			isa = XCConfigurationList;
			buildConfigurations = (
				AFD4D2091D0F68BB00EBC7A6 /* Debug */,
				AFD4D20A1D0F68BB00EBC7A6 /* Release */,
			);
			defaultConfigurationIsVisible = 0;
			defaultConfigurationName = Release;
		};
		AFD4D20B1D0F68BB00EBC7A6 /* Build configuration list for PBXNativeTarget "TilePuzzleProject" */ = {
			isa = XCConfigurationList;
			buildConfigurations = (
				AFD4D20C1D0F68BB00EBC7A6 /* Debug */,
				AFD4D20D1D0F68BB00EBC7A6 /* Release */,
			);
			defaultConfigurationIsVisible = 0;
			defaultConfigurationName = Release;
		};
		AFD4D20E1D0F68BB00EBC7A6 /* Build configuration list for PBXNativeTarget "TilePuzzleProjectTests" */ = {
			isa = XCConfigurationList;
			buildConfigurations = (
				AFD4D20F1D0F68BB00EBC7A6 /* Debug */,
				AFD4D2101D0F68BB00EBC7A6 /* Release */,
			);
			defaultConfigurationIsVisible = 0;
			defaultConfigurationName = Release;
		};
		AFD4D2111D0F68BB00EBC7A6 /* Build configuration list for PBXNativeTarget "TilePuzzleProjectUITests" */ = {
			isa = XCConfigurationList;
			buildConfigurations = (
				AFD4D2121D0F68BB00EBC7A6 /* Debug */,
				AFD4D2131D0F68BB00EBC7A6 /* Release */,
			);
			defaultConfigurationIsVisible = 0;
			defaultConfigurationName = Release;
		};
/* End XCConfigurationList section */
	};
	rootObject = AFD4D1DB1D0F68BA00EBC7A6 /* Project object */;
}
